
Microsoft Visual Studio Solution File, Format Version 12.00
# Visual Studio Version 17
VisualStudioVersion = 17.0.31903.59
MinimumVisualStudioVersion = 10.0.40219.1
Project("{2150E333-8FDC-42A3-9474-1A3956D46DE8}") = "src", "src", "{BA1CE2D9-90F6-491D-B8A7-FF7CBBE1A19E}"
EndProject
Project("{FAE04EC0-301F-11D3-BF4B-00C04F79EFBC}") = "Quote.Domain", "src\Quote.Domain\Quote.Domain.csproj", "{ABB43B9D-085F-4815-9074-0711033EEEC8}"
EndProject
Project("{FAE04EC0-301F-11D3-BF4B-00C04F79EFBC}") = "Quote.Shared", "src\Quote.Shared\Quote.Shared.csproj", "{43222A70-7DF3-46AE-891E-A10021DADA9C}"
EndProject
Project("{FAE04EC0-301F-11D3-BF4B-00C04F79EFBC}") = "Quote.Application", "src\Quote.Application\Quote.Application.csproj", "{C3FEF24A-EC31-48CD-A29F-7CDCDE1E2690}"
EndProject
Project("{FAE04EC0-301F-11D3-BF4B-00C04F79EFBC}") = "Quote.Infrastructure", "src\Quote.Infrastructure\Quote.Infrastructure.csproj", "{21D7710D-8BE9-4EAB-86D3-EAF6E08E003D}"
EndProject
Project("{FAE04EC0-301F-11D3-BF4B-00C04F79EFBC}") = "Quote.API", "src\Quote.API\Quote.API.csproj", "{C0F998CA-69E6-4556-AC8B-A8077055629F}"
EndProject
Project("{2150E333-8FDC-42A3-9474-1A3956D46DE8}") = "tests", "tests", "{F46EC220-BDA1-442F-BBE3-A87BC9B33354}"
EndProject
Project("{FAE04EC0-301F-11D3-BF4B-00C04F79EFBC}") = "Quote.UnitTests", "tests\Quote.UnitTests\Quote.UnitTests.csproj", "{065ABB96-1DAD-4F31-BAA1-5960DDAD807D}"
EndProject
Project("{FAE04EC0-301F-11D3-BF4B-00C04F79EFBC}") = "Quote.IntegrationTests", "tests\Quote.IntegrationTests\Quote.IntegrationTests.csproj", "{76B36973-0F31-4A30-8E6A-0F9DB3EC1907}"
EndProject
Project("{2150E333-8FDC-42A3-9474-1A3956D46DE8}") = "Quote.Web", "Quote.Web", "{63DEC7BD-F223-4D85-8887-FDC2DFF70339}"
EndProject
Project("{FAE04EC0-301F-11D3-BF4B-00C04F79EFBC}") = "Quote.Web", "src\Quote.Web\Quote.Web\Quote.Web.csproj", "{283738F3-115D-4B1C-90AA-0410BE2CF340}"
EndProject
Project("{FAE04EC0-301F-11D3-BF4B-00C04F79EFBC}") = "Quote.Web.Client", "src\Quote.Web\Quote.Web.Client\Quote.Web.Client.csproj", "{65DCBE17-961A-4776-8D3A-73C4665AC167}"
EndProject
Project("{FAE04EC0-301F-11D3-BF4B-00C04F79EFBC}") = "Quote.Mobile", "src\Quote.Mobile\Quote.Mobile.csproj", "{CE5A97D8-F608-4F82-A200-D7F0922515D3}"
EndProject
Global
	GlobalSection(SolutionConfigurationPlatforms) = preSolution
		Debug|Any CPU = Debug|Any CPU
		Release|Any CPU = Release|Any CPU
	EndGlobalSection
	GlobalSection(SolutionProperties) = preSolution
		HideSolutionNode = FALSE
	EndGlobalSection
	GlobalSection(ProjectConfigurationPlatforms) = postSolution
		{ABB43B9D-085F-4815-9074-0711033EEEC8}.Debug|Any CPU.ActiveCfg = Debug|Any CPU
		{ABB43B9D-085F-4815-9074-0711033EEEC8}.Debug|Any CPU.Build.0 = Debug|Any CPU
		{ABB43B9D-085F-4815-9074-0711033EEEC8}.Release|Any CPU.ActiveCfg = Release|Any CPU
		{ABB43B9D-085F-4815-9074-0711033EEEC8}.Release|Any CPU.Build.0 = Release|Any CPU
		{43222A70-7DF3-46AE-891E-A10021DADA9C}.Debug|Any CPU.ActiveCfg = Debug|Any CPU
		{43222A70-7DF3-46AE-891E-A10021DADA9C}.Debug|Any CPU.Build.0 = Debug|Any CPU
		{43222A70-7DF3-46AE-891E-A10021DADA9C}.Release|Any CPU.ActiveCfg = Release|Any CPU
		{43222A70-7DF3-46AE-891E-A10021DADA9C}.Release|Any CPU.Build.0 = Release|Any CPU
		{C3FEF24A-EC31-48CD-A29F-7CDCDE1E2690}.Debug|Any CPU.ActiveCfg = Debug|Any CPU
		{C3FEF24A-EC31-48CD-A29F-7CDCDE1E2690}.Debug|Any CPU.Build.0 = Debug|Any CPU
		{C3FEF24A-EC31-48CD-A29F-7CDCDE1E2690}.Release|Any CPU.ActiveCfg = Release|Any CPU
		{C3FEF24A-EC31-48CD-A29F-7CDCDE1E2690}.Release|Any CPU.Build.0 = Release|Any CPU
		{21D7710D-8BE9-4EAB-86D3-EAF6E08E003D}.Debug|Any CPU.ActiveCfg = Debug|Any CPU
		{21D7710D-8BE9-4EAB-86D3-EAF6E08E003D}.Debug|Any CPU.Build.0 = Debug|Any CPU
		{21D7710D-8BE9-4EAB-86D3-EAF6E08E003D}.Release|Any CPU.ActiveCfg = Release|Any CPU
		{21D7710D-8BE9-4EAB-86D3-EAF6E08E003D}.Release|Any CPU.Build.0 = Release|Any CPU
		{C0F998CA-69E6-4556-AC8B-A8077055629F}.Debug|Any CPU.ActiveCfg = Debug|Any CPU
		{C0F998CA-69E6-4556-AC8B-A8077055629F}.Debug|Any CPU.Build.0 = Debug|Any CPU
		{C0F998CA-69E6-4556-AC8B-A8077055629F}.Release|Any CPU.ActiveCfg = Release|Any CPU
		{C0F998CA-69E6-4556-AC8B-A8077055629F}.Release|Any CPU.Build.0 = Release|Any CPU
		{065ABB96-1DAD-4F31-BAA1-5960DDAD807D}.Debug|Any CPU.ActiveCfg = Debug|Any CPU
		{065ABB96-1DAD-4F31-BAA1-5960DDAD807D}.Debug|Any CPU.Build.0 = Debug|Any CPU
		{065ABB96-1DAD-4F31-BAA1-5960DDAD807D}.Release|Any CPU.ActiveCfg = Release|Any CPU
		{065ABB96-1DAD-4F31-BAA1-5960DDAD807D}.Release|Any CPU.Build.0 = Release|Any CPU
		{76B36973-0F31-4A30-8E6A-0F9DB3EC1907}.Debug|Any CPU.ActiveCfg = Debug|Any CPU
		{76B36973-0F31-4A30-8E6A-0F9DB3EC1907}.Debug|Any CPU.Build.0 = Debug|Any CPU
		{76B36973-0F31-4A30-8E6A-0F9DB3EC1907}.Release|Any CPU.ActiveCfg = Release|Any CPU
		{76B36973-0F31-4A30-8E6A-0F9DB3EC1907}.Release|Any CPU.Build.0 = Release|Any CPU
		{283738F3-115D-4B1C-90AA-0410BE2CF340}.Debug|Any CPU.ActiveCfg = Debug|Any CPU
		{283738F3-115D-4B1C-90AA-0410BE2CF340}.Debug|Any CPU.Build.0 = Debug|Any CPU
		{283738F3-115D-4B1C-90AA-0410BE2CF340}.Release|Any CPU.ActiveCfg = Release|Any CPU
		{283738F3-115D-4B1C-90AA-0410BE2CF340}.Release|Any CPU.Build.0 = Release|Any CPU
		{65DCBE17-961A-4776-8D3A-73C4665AC167}.Debug|Any CPU.ActiveCfg = Debug|Any CPU
		{65DCBE17-961A-4776-8D3A-73C4665AC167}.Debug|Any CPU.Build.0 = Debug|Any CPU
		{65DCBE17-961A-4776-8D3A-73C4665AC167}.Release|Any CPU.ActiveCfg = Release|Any CPU
		{65DCBE17-961A-4776-8D3A-73C4665AC167}.Release|Any CPU.Build.0 = Release|Any CPU
		{CE5A97D8-F608-4F82-A200-D7F0922515D3}.Debug|Any CPU.ActiveCfg = Debug|Any CPU
		{CE5A97D8-F608-4F82-A200-D7F0922515D3}.Debug|Any CPU.Build.0 = Debug|Any CPU
		{CE5A97D8-F608-4F82-A200-D7F0922515D3}.Release|Any CPU.ActiveCfg = Release|Any CPU
		{CE5A97D8-F608-4F82-A200-D7F0922515D3}.Release|Any CPU.Build.0 = Release|Any CPU
	EndGlobalSection
	GlobalSection(NestedProjects) = preSolution
		{ABB43B9D-085F-4815-9074-0711033EEEC8} = {BA1CE2D9-90F6-491D-B8A7-FF7CBBE1A19E}
		{43222A70-7DF3-46AE-891E-A10021DADA9C} = {BA1CE2D9-90F6-491D-B8A7-FF7CBBE1A19E}
		{C3FEF24A-EC31-48CD-A29F-7CDCDE1E2690} = {BA1CE2D9-90F6-491D-B8A7-FF7CBBE1A19E}
		{21D7710D-8BE9-4EAB-86D3-EAF6E08E003D} = {BA1CE2D9-90F6-491D-B8A7-FF7CBBE1A19E}
		{C0F998CA-69E6-4556-AC8B-A8077055629F} = {BA1CE2D9-90F6-491D-B8A7-FF7CBBE1A19E}
		{065ABB96-1DAD-4F31-BAA1-5960DDAD807D} = {F46EC220-BDA1-442F-BBE3-A87BC9B33354}
		{76B36973-0F31-4A30-8E6A-0F9DB3EC1907} = {F46EC220-BDA1-442F-BBE3-A87BC9B33354}
		{63DEC7BD-F223-4D85-8887-FDC2DFF70339} = {BA1CE2D9-90F6-491D-B8A7-FF7CBBE1A19E}
		{283738F3-115D-4B1C-90AA-0410BE2CF340} = {63DEC7BD-F223-4D85-8887-FDC2DFF70339}
		{65DCBE17-961A-4776-8D3A-73C4665AC167} = {63DEC7BD-F223-4D85-8887-FDC2DFF70339}
		{CE5A97D8-F608-4F82-A200-D7F0922515D3} = {BA1CE2D9-90F6-491D-B8A7-FF7CBBE1A19E}
	EndGlobalSection
EndGlobal
